// !$*UTF8*$!
{
	archiveVersion = 1;
	classes = {
	};
	objectVersion = 56;
	objects = {

/* Begin PBXBuildFile section */
		47D1522F287BBCE9004EB04C /* UI_609App.swift in Sources */ = {isa = PBXBuildFile; fileRef = 47D1522E287BBCE9004EB04C /* UI_609App.swift */; };
		47D15231287BBCE9004EB04C /* ContentView.swift in Sources */ = {isa = PBXBuildFile; fileRef = 47D15230287BBCE9004EB04C /* ContentView.swift */; };
		47D15233287BBCE9004EB04C /* Assets.xcassets in Resources */ = {isa = PBXBuildFile; fileRef = 47D15232287BBCE9004EB04C /* Assets.xcassets */; };
		47D15236287BBCE9004EB04C /* Preview Assets.xcassets in Resources */ = {isa = PBXBuildFile; fileRef = 47D15235287BBCE9004EB04C /* Preview Assets.xcassets */; };
		47D15240287BBCE9004EB04C /* UI_609Tests.swift in Sources */ = {isa = PBXBuildFile; fileRef = 47D1523F287BBCE9004EB04C /* UI_609Tests.swift */; };
		47D1524A287BBCE9004EB04C /* UI_609UITests.swift in Sources */ = {isa = PBXBuildFile; fileRef = 47D15249287BBCE9004EB04C /* UI_609UITests.swift */; };
		47D1524C287BBCE9004EB04C /* UI_609UITestsLaunchTests.swift in Sources */ = {isa = PBXBuildFile; fileRef = 47D1524B287BBCE9004EB04C /* UI_609UITestsLaunchTests.swift */; };
		47D1525A287BBCFE004EB04C /* Home.swift in Sources */ = {isa = PBXBuildFile; fileRef = 47D15259287BBCFE004EB04C /* Home.swift */; };
		47D1525D287BBD10004EB04C /* Message.swift in Sources */ = {isa = PBXBuildFile; fileRef = 47D1525C287BBD10004EB04C /* Message.swift */; };
		47D15260287BBFDE004EB04C /* Extensions.swift in Sources */ = {isa = PBXBuildFile; fileRef = 47D1525F287BBFDE004EB04C /* Extensions.swift */; };
/* End PBXBuildFile section */

/* Begin PBXContainerItemProxy section */
		47D1523C287BBCE9004EB04C /* PBXContainerItemProxy */ = {
			isa = PBXContainerItemProxy;
			containerPortal = 47D15223287BBCE8004EB04C /* Project object */;
			proxyType = 1;
			remoteGlobalIDString = 47D1522A287BBCE9004EB04C;
			remoteInfo = "UI-609";
		};
		47D15246287BBCE9004EB04C /* PBXContainerItemProxy */ = {
			isa = PBXContainerItemProxy;
			containerPortal = 47D15223287BBCE8004EB04C /* Project object */;
			proxyType = 1;
			remoteGlobalIDString = 47D1522A287BBCE9004EB04C;
			remoteInfo = "UI-609";
		};
/* End PBXContainerItemProxy section */

/* Begin PBXFileReference section */
		47D1522B287BBCE9004EB04C /* UI-609.app */ = {isa = PBXFileReference; explicitFileType = wrapper.application; includeInIndex = 0; path = "UI-609.app"; sourceTree = BUILT_PRODUCTS_DIR; };
		47D1522E287BBCE9004EB04C /* UI_609App.swift */ = {isa = PBXFileReference; lastKnownFileType = sourcecode.swift; path = UI_609App.swift; sourceTree = "<group>"; };
		47D15230287BBCE9004EB04C /* ContentView.swift */ = {isa = PBXFileReference; lastKnownFileType = sourcecode.swift; path = ContentView.swift; sourceTree = "<group>"; };
		47D15232287BBCE9004EB04C /* Assets.xcassets */ = {isa = PBXFileReference; lastKnownFileType = folder.assetcatalog; path = Assets.xcassets; sourceTree = "<group>"; };
		47D15235287BBCE9004EB04C /* Preview Assets.xcassets */ = {isa = PBXFileReference; lastKnownFileType = folder.assetcatalog; path = "Preview Assets.xcassets"; sourceTree = "<group>"; };
		47D1523B287BBCE9004EB04C /* UI-609Tests.xctest */ = {isa = PBXFileReference; explicitFileType = wrapper.cfbundle; includeInIndex = 0; path = "UI-609Tests.xctest"; sourceTree = BUILT_PRODUCTS_DIR; };
		47D1523F287BBCE9004EB04C /* UI_609Tests.swift */ = {isa = PBXFileReference; lastKnownFileType = sourcecode.swift; path = UI_609Tests.swift; sourceTree = "<group>"; };
		47D15245287BBCE9004EB04C /* UI-609UITests.xctest */ = {isa = PBXFileReference; explicitFileType = wrapper.cfbundle; includeInIndex = 0; path = "UI-609UITests.xctest"; sourceTree = BUILT_PRODUCTS_DIR; };
		47D15249287BBCE9004EB04C /* UI_609UITests.swift */ = {isa = PBXFileReference; lastKnownFileType = sourcecode.swift; path = UI_609UITests.swift; sourceTree = "<group>"; };
		47D1524B287BBCE9004EB04C /* UI_609UITestsLaunchTests.swift */ = {isa = PBXFileReference; lastKnownFileType = sourcecode.swift; path = UI_609UITestsLaunchTests.swift; sourceTree = "<group>"; };
		47D15259287BBCFE004EB04C /* Home.swift */ = {isa = PBXFileReference; lastKnownFileType = sourcecode.swift; path = Home.swift; sourceTree = "<group>"; };
		47D1525C287BBD10004EB04C /* Message.swift */ = {isa = PBXFileReference; lastKnownFileType = sourcecode.swift; path = Message.swift; sourceTree = "<group>"; };
		47D1525F287BBFDE004EB04C /* Extensions.swift */ = {isa = PBXFileReference; lastKnownFileType = sourcecode.swift; path = Extensions.swift; sourceTree = "<group>"; };
/* End PBXFileReference section */

/* Begin PBXFrameworksBuildPhase section */
		47D15228287BBCE9004EB04C /* Frameworks */ = {
			isa = PBXFrameworksBuildPhase;
			buildActionMask = 2147483647;
			files = (
			);
			runOnlyForDeploymentPostprocessing = 0;
		};
		47D15238287BBCE9004EB04C /* Frameworks */ = {
			isa = PBXFrameworksBuildPhase;
			buildActionMask = 2147483647;
			files = (
			);
			runOnlyForDeploymentPostprocessing = 0;
		};
		47D15242287BBCE9004EB04C /* Frameworks */ = {
			isa = PBXFrameworksBuildPhase;
			buildActionMask = 2147483647;
			files = (
			);
			runOnlyForDeploymentPostprocessing = 0;
		};
/* End PBXFrameworksBuildPhase section */

/* Begin PBXGroup section */
		47D15222287BBCE8004EB04C = {
			isa = PBXGroup;
			children = (
				47D1522D287BBCE9004EB04C /* UI-609 */,
				47D1523E287BBCE9004EB04C /* UI-609Tests */,
				47D15248287BBCE9004EB04C /* UI-609UITests */,
				47D1522C287BBCE9004EB04C /* Products */,
			);
			sourceTree = "<group>";
		};
		47D1522C287BBCE9004EB04C /* Products */ = {
			isa = PBXGroup;
			children = (
				47D1522B287BBCE9004EB04C /* UI-609.app */,
				47D1523B287BBCE9004EB04C /* UI-609Tests.xctest */,
				47D15245287BBCE9004EB04C /* UI-609UITests.xctest */,
			);
			name = Products;
			sourceTree = "<group>";
		};
		47D1522D287BBCE9004EB04C /* UI-609 */ = {
			isa = PBXGroup;
			children = (
				47D1525E287BBFD2004EB04C /* Helpers */,
				47D1525B287BBD09004EB04C /* Model */,
				47D15258287BBCFA004EB04C /* View */,
				47D1522E287BBCE9004EB04C /* UI_609App.swift */,
				47D15230287BBCE9004EB04C /* ContentView.swift */,
				47D15232287BBCE9004EB04C /* Assets.xcassets */,
				47D15234287BBCE9004EB04C /* Preview Content */,
			);
			path = "UI-609";
			sourceTree = "<group>";
		};
		47D15234287BBCE9004EB04C /* Preview Content */ = {
			isa = PBXGroup;
			children = (
				47D15235287BBCE9004EB04C /* Preview Assets.xcassets */,
			);
			path = "Preview Content";
			sourceTree = "<group>";
		};
		47D1523E287BBCE9004EB04C /* UI-609Tests */ = {
			isa = PBXGroup;
			children = (
				47D1523F287BBCE9004EB04C /* UI_609Tests.swift */,
			);
			path = "UI-609Tests";
			sourceTree = "<group>";
		};
		47D15248287BBCE9004EB04C /* UI-609UITests */ = {
			isa = PBXGroup;
			children = (
				47D15249287BBCE9004EB04C /* UI_609UITests.swift */,
				47D1524B287BBCE9004EB04C /* UI_609UITestsLaunchTests.swift */,
			);
			path = "UI-609UITests";
			sourceTree = "<group>";
		};
		47D15258287BBCFA004EB04C /* View */ = {
			isa = PBXGroup;
			children = (
				47D15259287BBCFE004EB04C /* Home.swift */,
			);
			path = View;
			sourceTree = "<group>";
		};
		47D1525B287BBD09004EB04C /* Model */ = {
			isa = PBXGroup;
			children = (
				47D1525C287BBD10004EB04C /* Message.swift */,
			);
			path = Model;
			sourceTree = "<group>";
		};
		47D1525E287BBFD2004EB04C /* Helpers */ = {
			isa = PBXGroup;
			children = (
				47D1525F287BBFDE004EB04C /* Extensions.swift */,
			);
			path = Helpers;
			sourceTree = "<group>";
		};
/* End PBXGroup section */

/* Begin PBXNativeTarget section */
		47D1522A287BBCE9004EB04C /* UI-609 */ = {
			isa = PBXNativeTarget;
			buildConfigurationList = 47D1524F287BBCE9004EB04C /* Build configuration list for PBXNativeTarget "UI-609" */;
			buildPhases = (
				47D15227287BBCE9004EB04C /* Sources */,
				47D15228287BBCE9004EB04C /* Frameworks */,
				47D15229287BBCE9004EB04C /* Resources */,
			);
			buildRules = (
			);
			dependencies = (
			);
			name = "UI-609";
			productName = "UI-609";
			productReference = 47D1522B287BBCE9004EB04C /* UI-609.app */;
			productType = "com.apple.product-type.application";
		};
		47D1523A287BBCE9004EB04C /* UI-609Tests */ = {
			isa = PBXNativeTarget;
			buildConfigurationList = 47D15252287BBCE9004EB04C /* Build configuration list for PBXNativeTarget "UI-609Tests" */;
			buildPhases = (
				47D15237287BBCE9004EB04C /* Sources */,
				47D15238287BBCE9004EB04C /* Frameworks */,
				47D15239287BBCE9004EB04C /* Resources */,
			);
			buildRules = (
			);
			dependencies = (
				47D1523D287BBCE9004EB04C /* PBXTargetDependency */,
			);
			name = "UI-609Tests";
			productName = "UI-609Tests";
			productReference = 47D1523B287BBCE9004EB04C /* UI-609Tests.xctest */;
			productType = "com.apple.product-type.bundle.unit-test";
		};
		47D15244287BBCE9004EB04C /* UI-609UITests */ = {
			isa = PBXNativeTarget;
			buildConfigurationList = 47D15255287BBCE9004EB04C /* Build configuration list for PBXNativeTarget "UI-609UITests" */;
			buildPhases = (
				47D15241287BBCE9004EB04C /* Sources */,
				47D15242287BBCE9004EB04C /* Frameworks */,
				47D15243287BBCE9004EB04C /* Resources */,
			);
			buildRules = (
			);
			dependencies = (
				47D15247287BBCE9004EB04C /* PBXTargetDependency */,
			);
			name = "UI-609UITests";
			productName = "UI-609UITests";
			productReference = 47D15245287BBCE9004EB04C /* UI-609UITests.xctest */;
			productType = "com.apple.product-type.bundle.ui-testing";
		};
/* End PBXNativeTarget section */

/* Begin PBXProject section */
		47D15223287BBCE8004EB04C /* Project object */ = {
			isa = PBXProject;
			attributes = {
				BuildIndependentTargetsInParallel = 1;
				LastSwiftUpdateCheck = 1400;
				LastUpgradeCheck = 1400;
				TargetAttributes = {
					47D1522A287BBCE9004EB04C = {
						CreatedOnToolsVersion = 14.0;
					};
					47D1523A287BBCE9004EB04C = {
						CreatedOnToolsVersion = 14.0;
						TestTargetID = 47D1522A287BBCE9004EB04C;
					};
					47D15244287BBCE9004EB04C = {
						CreatedOnToolsVersion = 14.0;
						TestTargetID = 47D1522A287BBCE9004EB04C;
					};
				};
			};
			buildConfigurationList = 47D15226287BBCE8004EB04C /* Build configuration list for PBXProject "UI-609" */;
			compatibilityVersion = "Xcode 14.0";
			developmentRegion = en;
			hasScannedForEncodings = 0;
			knownRegions = (
				en,
				Base,
			);
			mainGroup = 47D15222287BBCE8004EB04C;
			productRefGroup = 47D1522C287BBCE9004EB04C /* Products */;
			projectDirPath = "";
			projectRoot = "";
			targets = (
				47D1522A287BBCE9004EB04C /* UI-609 */,
				47D1523A287BBCE9004EB04C /* UI-609Tests */,
				47D15244287BBCE9004EB04C /* UI-609UITests */,
			);
		};
/* End PBXProject section */

/* Begin PBXResourcesBuildPhase section */
		47D15229287BBCE9004EB04C /* Resources */ = {
			isa = PBXResourcesBuildPhase;
			buildActionMask = 2147483647;
			files = (
				47D15236287BBCE9004EB04C /* Preview Assets.xcassets in Resources */,
				47D15233287BBCE9004EB04C /* Assets.xcassets in Resources */,
			);
			runOnlyForDeploymentPostprocessing = 0;
		};
		47D15239287BBCE9004EB04C /* Resources */ = {
			isa = PBXResourcesBuildPhase;
			buildActionMask = 2147483647;
			files = (
			);
			runOnlyForDeploymentPostprocessing = 0;
		};
		47D15243287BBCE9004EB04C /* Resources */ = {
			isa = PBXResourcesBuildPhase;
			buildActionMask = 2147483647;
			files = (
			);
			runOnlyForDeploymentPostprocessing = 0;
		};
/* End PBXResourcesBuildPhase section */

/* Begin PBXSourcesBuildPhase section */
		47D15227287BBCE9004EB04C /* Sources */ = {
			isa = PBXSourcesBuildPhase;
			buildActionMask = 2147483647;
			files = (
				47D15260287BBFDE004EB04C /* Extensions.swift in Sources */,
				47D15231287BBCE9004EB04C /* ContentView.swift in Sources */,
				47D1525D287BBD10004EB04C /* Message.swift in Sources */,
				47D1525A287BBCFE004EB04C /* Home.swift in Sources */,
				47D1522F287BBCE9004EB04C /* UI_609App.swift in Sources */,
			);
			runOnlyForDeploymentPostprocessing = 0;
		};
		47D15237287BBCE9004EB04C /* Sources */ = {
			isa = PBXSourcesBuildPhase;
			buildActionMask = 2147483647;
			files = (
				47D15240287BBCE9004EB04C /* UI_609Tests.swift in Sources */,
			);
			runOnlyForDeploymentPostprocessing = 0;
		};
		47D15241287BBCE9004EB04C /* Sources */ = {
			isa = PBXSourcesBuildPhase;
			buildActionMask = 2147483647;
			files = (
				47D1524C287BBCE9004EB04C /* UI_609UITestsLaunchTests.swift in Sources */,
				47D1524A287BBCE9004EB04C /* UI_609UITests.swift in Sources */,
			);
			runOnlyForDeploymentPostprocessing = 0;
		};
/* End PBXSourcesBuildPhase section */

/* Begin PBXTargetDependency section */
		47D1523D287BBCE9004EB04C /* PBXTargetDependency */ = {
			isa = PBXTargetDependency;
			target = 47D1522A287BBCE9004EB04C /* UI-609 */;
			targetProxy = 47D1523C287BBCE9004EB04C /* PBXContainerItemProxy */;
		};
		47D15247287BBCE9004EB04C /* PBXTargetDependency */ = {
			isa = PBXTargetDependency;
			target = 47D1522A287BBCE9004EB04C /* UI-609 */;
			targetProxy = 47D15246287BBCE9004EB04C /* PBXContainerItemProxy */;
		};
/* End PBXTargetDependency section */

/* Begin XCBuildConfiguration section */
		47D1524D287BBCE9004EB04C /* Debug */ = {
			isa = XCBuildConfiguration;
			buildSettings = {
				ALWAYS_SEARCH_USER_PATHS = NO;
				CLANG_ANALYZER_NONNULL = YES;
				CLANG_ANALYZER_NUMBER_OBJECT_CONVERSION = YES_AGGRESSIVE;
				CLANG_CXX_LANGUAGE_STANDARD = "gnu++17";
				CLANG_ENABLE_MODULES = YES;
				CLANG_ENABLE_OBJC_ARC = YES;
				CLANG_ENABLE_OBJC_WEAK = YES;
				CLANG_WARN_BLOCK_CAPTURE_AUTORELEASING = YES;
				CLANG_WARN_BOOL_CONVERSION = YES;
				CLANG_WARN_COMMA = YES;
				CLANG_WARN_CONSTANT_CONVERSION = YES;
				CLANG_WARN_DEPRECATED_OBJC_IMPLEMENTATIONS = YES;
				CLANG_WARN_DIRECT_OBJC_ISA_USAGE = YES_ERROR;
				CLANG_WARN_DOCUMENTATION_COMMENTS = YES;
				CLANG_WARN_EMPTY_BODY = YES;
				CLANG_WARN_ENUM_CONVERSION = YES;
				CLANG_WARN_INFINITE_RECURSION = YES;
				CLANG_WARN_INT_CONVERSION = YES;
				CLANG_WARN_NON_LITERAL_NULL_CONVERSION = YES;
				CLANG_WARN_OBJC_IMPLICIT_RETAIN_SELF = YES;
				CLANG_WARN_OBJC_LITERAL_CONVERSION = YES;
				CLANG_WARN_OBJC_ROOT_CLASS = YES_ERROR;
				CLANG_WARN_QUOTED_INCLUDE_IN_FRAMEWORK_HEADER = YES;
				CLANG_WARN_RANGE_LOOP_ANALYSIS = YES;
				CLANG_WARN_STRICT_PROTOTYPES = YES;
				CLANG_WARN_SUSPICIOUS_MOVE = YES;
				CLANG_WARN_UNGUARDED_AVAILABILITY = YES_AGGRESSIVE;
				CLANG_WARN_UNREACHABLE_CODE = YES;
				CLANG_WARN__DUPLICATE_METHOD_MATCH = YES;
				COPY_PHASE_STRIP = NO;
				DEBUG_INFORMATION_FORMAT = dwarf;
				ENABLE_STRICT_OBJC_MSGSEND = YES;
				ENABLE_TESTABILITY = YES;
				GCC_C_LANGUAGE_STANDARD = gnu11;
				GCC_DYNAMIC_NO_PIC = NO;
				GCC_NO_COMMON_BLOCKS = YES;
				GCC_OPTIMIZATION_LEVEL = 0;
				GCC_PREPROCESSOR_DEFINITIONS = (
					"DEBUG=1",
					"$(inherited)",
				);
				GCC_WARN_64_TO_32_BIT_CONVERSION = YES;
				GCC_WARN_ABOUT_RETURN_TYPE = YES_ERROR;
				GCC_WARN_UNDECLARED_SELECTOR = YES;
				GCC_WARN_UNINITIALIZED_AUTOS = YES_AGGRESSIVE;
				GCC_WARN_UNUSED_FUNCTION = YES;
				GCC_WARN_UNUSED_VARIABLE = YES;
				IPHONEOS_DEPLOYMENT_TARGET = 16.0;
				MTL_ENABLE_DEBUG_INFO = INCLUDE_SOURCE;
				MTL_FAST_MATH = YES;
				ONLY_ACTIVE_ARCH = YES;
				SDKROOT = iphoneos;
				SWIFT_ACTIVE_COMPILATION_CONDITIONS = DEBUG;
				SWIFT_OPTIMIZATION_LEVEL = "-Onone";
			};
			name = Debug;
		};
		47D1524E287BBCE9004EB04C /* Release */ = {
			isa = XCBuildConfiguration;
			buildSettings = {
				ALWAYS_SEARCH_USER_PATHS = NO;
				CLANG_ANALYZER_NONNULL = YES;
				CLANG_ANALYZER_NUMBER_OBJECT_CONVERSION = YES_AGGRESSIVE;
				CLANG_CXX_LANGUAGE_STANDARD = "gnu++17";
				CLANG_ENABLE_MODULES = YES;
				CLANG_ENABLE_OBJC_ARC = YES;
				CLANG_ENABLE_OBJC_WEAK = YES;
				CLANG_WARN_BLOCK_CAPTURE_AUTORELEASING = YES;
				CLANG_WARN_BOOL_CONVERSION = YES;
				CLANG_WARN_COMMA = YES;
				CLANG_WARN_CONSTANT_CONVERSION = YES;
				CLANG_WARN_DEPRECATED_OBJC_IMPLEMENTATIONS = YES;
				CLANG_WARN_DIRECT_OBJC_ISA_USAGE = YES_ERROR;
				CLANG_WARN_DOCUMENTATION_COMMENTS = YES;
				CLANG_WARN_EMPTY_BODY = YES;
				CLANG_WARN_ENUM_CONVERSION = YES;
				CLANG_WARN_INFINITE_RECURSION = YES;
				CLANG_WARN_INT_CONVERSION = YES;
				CLANG_WARN_NON_LITERAL_NULL_CONVERSION = YES;
				CLANG_WARN_OBJC_IMPLICIT_RETAIN_SELF = YES;
				CLANG_WARN_OBJC_LITERAL_CONVERSION = YES;
				CLANG_WARN_OBJC_ROOT_CLASS = YES_ERROR;
				CLANG_WARN_QUOTED_INCLUDE_IN_FRAMEWORK_HEADER = YES;
				CLANG_WARN_RANGE_LOOP_ANALYSIS = YES;
				CLANG_WARN_STRICT_PROTOTYPES = YES;
				CLANG_WARN_SUSPICIOUS_MOVE = YES;
				CLANG_WARN_UNGUARDED_AVAILABILITY = YES_AGGRESSIVE;
				CLANG_WARN_UNREACHABLE_CODE = YES;
				CLANG_WARN__DUPLICATE_METHOD_MATCH = YES;
				COPY_PHASE_STRIP = NO;
				DEBUG_INFORMATION_FORMAT = "dwarf-with-dsym";
				ENABLE_NS_ASSERTIONS = NO;
				ENABLE_STRICT_OBJC_MSGSEND = YES;
				GCC_C_LANGUAGE_STANDARD = gnu11;
				GCC_NO_COMMON_BLOCKS = YES;
				GCC_WARN_64_TO_32_BIT_CONVERSION = YES;
				GCC_WARN_ABOUT_RETURN_TYPE = YES_ERROR;
				GCC_WARN_UNDECLARED_SELECTOR = YES;
				GCC_WARN_UNINITIALIZED_AUTOS = YES_AGGRESSIVE;
				GCC_WARN_UNUSED_FUNCTION = YES;
				GCC_WARN_UNUSED_VARIABLE = YES;
				IPHONEOS_DEPLOYMENT_TARGET = 16.0;
				MTL_ENABLE_DEBUG_INFO = NO;
				MTL_FAST_MATH = YES;
				SDKROOT = iphoneos;
				SWIFT_COMPILATION_MODE = wholemodule;
				SWIFT_OPTIMIZATION_LEVEL = "-O";
				VALIDATE_PRODUCT = YES;
			};
			name = Release;
		};
		47D15250287BBCE9004EB04C /* Debug */ = {
			isa = XCBuildConfiguration;
			buildSettings = {
				ASSETCATALOG_COMPILER_APPICON_NAME = AppIcon;
				ASSETCATALOG_COMPILER_GLOBAL_ACCENT_COLOR_NAME = AccentColor;
				CODE_SIGN_STYLE = Automatic;
				CURRENT_PROJECT_VERSION = 1;
				DEVELOPMENT_ASSET_PATHS = "\"UI-609/Preview Content\"";
				DEVELOPMENT_TEAM = 8CL4U468K5;
				ENABLE_PREVIEWS = YES;
				GENERATE_INFOPLIST_FILE = YES;
				INFOPLIST_KEY_UIApplicationSceneManifest_Generation = YES;
				INFOPLIST_KEY_UIApplicationSupportsIndirectInputEvents = YES;
				INFOPLIST_KEY_UILaunchScreen_Generation = YES;
				INFOPLIST_KEY_UISupportedInterfaceOrientations_iPad = "UIInterfaceOrientationPortrait UIInterfaceOrientationPortraitUpsideDown UIInterfaceOrientationLandscapeLeft UIInterfaceOrientationLandscapeRight";
				INFOPLIST_KEY_UISupportedInterfaceOrientations_iPhone = "UIInterfaceOrientationPortrait UIInterfaceOrientationLandscapeLeft UIInterfaceOrientationLandscapeRight";
				LD_RUNPATH_SEARCH_PATHS = (
					"$(inherited)",
					"@executable_path/Frameworks",
				);
				MARKETING_VERSION = 1.0;
				PRODUCT_BUNDLE_IDENTIFIER = "com.585.UI-609";
				PRODUCT_NAME = "$(TARGET_NAME)";
				SWIFT_EMIT_LOC_STRINGS = YES;
				SWIFT_VERSION = 5.0;
				TARGETED_DEVICE_FAMILY = "1,2";
			};
			name = Debug;
		};
		47D15251287BBCE9004EB04C /* Release */ = {
			isa = XCBuildConfiguration;
			buildSettings = {
				ASSETCATALOG_COMPILER_APPICON_NAME = AppIcon;
				ASSETCATALOG_COMPILER_GLOBAL_ACCENT_COLOR_NAME = AccentColor;
				CODE_SIGN_STYLE = Automatic;
				CURRENT_PROJECT_VERSION = 1;
				DEVELOPMENT_ASSET_PATHS = "\"UI-609/Preview Content\"";
				DEVELOPMENT_TEAM = 8CL4U468K5;
				ENABLE_PREVIEWS = YES;
				GENERATE_INFOPLIST_FILE = YES;
				INFOPLIST_KEY_UIApplicationSceneManifest_Generation = YES;
				INFOPLIST_KEY_UIApplicationSupportsIndirectInputEvents = YES;
				INFOPLIST_KEY_UILaunchScreen_Generation = YES;
				INFOPLIST_KEY_UISupportedInterfaceOrientations_iPad = "UIInterfaceOrientationPortrait UIInterfaceOrientationPortraitUpsideDown UIInterfaceOrientationLandscapeLeft UIInterfaceOrientationLandscapeRight";
				INFOPLIST_KEY_UISupportedInterfaceOrientations_iPhone = "UIInterfaceOrientationPortrait UIInterfaceOrientationLandscapeLeft UIInterfaceOrientationLandscapeRight";
				LD_RUNPATH_SEARCH_PATHS = (
					"$(inherited)",
					"@executable_path/Frameworks",
				);
				MARKETING_VERSION = 1.0;
				PRODUCT_BUNDLE_IDENTIFIER = "com.585.UI-609";
				PRODUCT_NAME = "$(TARGET_NAME)";
				SWIFT_EMIT_LOC_STRINGS = YES;
				SWIFT_VERSION = 5.0;
				TARGETED_DEVICE_FAMILY = "1,2";
			};
			name = Release;
		};
		47D15253287BBCE9004EB04C /* Debug */ = {
			isa = XCBuildConfiguration;
			buildSettings = {
				ALWAYS_EMBED_SWIFT_STANDARD_LIBRARIES = YES;
				BUNDLE_LOADER = "$(TEST_HOST)";
				CODE_SIGN_STYLE = Automatic;
				CURRENT_PROJECT_VERSION = 1;
				DEVELOPMENT_TEAM = 8CL4U468K5;
				GENERATE_INFOPLIST_FILE = YES;
				IPHONEOS_DEPLOYMENT_TARGET = 16.0;
				MARKETING_VERSION = 1.0;
				PRODUCT_BUNDLE_IDENTIFIER = "com.585.UI-609Tests";
				PRODUCT_NAME = "$(TARGET_NAME)";
				SWIFT_EMIT_LOC_STRINGS = NO;
				SWIFT_VERSION = 5.0;
				TARGETED_DEVICE_FAMILY = "1,2";
				TEST_HOST = "$(BUILT_PRODUCTS_DIR)/UI-609.app/$(BUNDLE_EXECUTABLE_FOLDER_PATH)/UI-609";
			};
			name = Debug;
		};
		47D15254287BBCE9004EB04C /* Release */ = {
			isa = XCBuildConfiguration;
			buildSettings = {
				ALWAYS_EMBED_SWIFT_STANDARD_LIBRARIES = YES;
				BUNDLE_LOADER = "$(TEST_HOST)";
				CODE_SIGN_STYLE = Automatic;
				CURRENT_PROJECT_VERSION = 1;
				DEVELOPMENT_TEAM = 8CL4U468K5;
				GENERATE_INFOPLIST_FILE = YES;
				IPHONEOS_DEPLOYMENT_TARGET = 16.0;
				MARKETING_VERSION = 1.0;
				PRODUCT_BUNDLE_IDENTIFIER = "com.585.UI-609Tests";
				PRODUCT_NAME = "$(TARGET_NAME)";
				SWIFT_EMIT_LOC_STRINGS = NO;
				SWIFT_VERSION = 5.0;
				TARGETED_DEVICE_FAMILY = "1,2";
				TEST_HOST = "$(BUILT_PRODUCTS_DIR)/UI-609.app/$(BUNDLE_EXECUTABLE_FOLDER_PATH)/UI-609";
			};
			name = Release;
		};
		47D15256287BBCE9004EB04C /* Debug */ = {
			isa = XCBuildConfiguration;
			buildSettings = {
				ALWAYS_EMBED_SWIFT_STANDARD_LIBRARIES = YES;
				CODE_SIGN_STYLE = Automatic;
				CURRENT_PROJECT_VERSION = 1;
				DEVELOPMENT_TEAM = 8CL4U468K5;
				GENERATE_INFOPLIST_FILE = YES;
				MARKETING_VERSION = 1.0;
				PRODUCT_BUNDLE_IDENTIFIER = "com.585.UI-609UITests";
				PRODUCT_NAME = "$(TARGET_NAME)";
				SWIFT_EMIT_LOC_STRINGS = NO;
				SWIFT_VERSION = 5.0;
				TARGETED_DEVICE_FAMILY = "1,2";
				TEST_TARGET_NAME = "UI-609";
			};
			name = Debug;
		};
		47D15257287BBCE9004EB04C /* Release */ = {
			isa = XCBuildConfiguration;
			buildSettings = {
				ALWAYS_EMBED_SWIFT_STANDARD_LIBRARIES = YES;
				CODE_SIGN_STYLE = Automatic;
				CURRENT_PROJECT_VERSION = 1;
				DEVELOPMENT_TEAM = 8CL4U468K5;
				GENERATE_INFOPLIST_FILE = YES;
				MARKETING_VERSION = 1.0;
				PRODUCT_BUNDLE_IDENTIFIER = "com.585.UI-609UITests";
				PRODUCT_NAME = "$(TARGET_NAME)";
				SWIFT_EMIT_LOC_STRINGS = NO;
				SWIFT_VERSION = 5.0;
				TARGETED_DEVICE_FAMILY = "1,2";
				TEST_TARGET_NAME = "UI-609";
			};
			name = Release;
		};
/* End XCBuildConfiguration section */

/* Begin XCConfigurationList section */
		47D15226287BBCE8004EB04C /* Build configuration list for PBXProject "UI-609" */ = {
			isa = XCConfigurationList;
			buildConfigurations = (
				47D1524D287BBCE9004EB04C /* Debug */,
				47D1524E287BBCE9004EB04C /* Release */,
			);
			defaultConfigurationIsVisible = 0;
			defaultConfigurationName = Release;
		};
		47D1524F287BBCE9004EB04C /* Build configuration list for PBXNativeTarget "UI-609" */ = {
			isa = XCConfigurationList;
			buildConfigurations = (
				47D15250287BBCE9004EB04C /* Debug */,
				47D15251287BBCE9004EB04C /* Release */,
			);
			defaultConfigurationIsVisible = 0;
			defaultConfigurationName = Release;
		};
		47D15252287BBCE9004EB04C /* Build configuration list for PBXNativeTarget "UI-609Tests" */ = {
			isa = XCConfigurationList;
			buildConfigurations = (
				47D15253287BBCE9004EB04C /* Debug */,
				47D15254287BBCE9004EB04C /* Release */,
			);
			defaultConfigurationIsVisible = 0;
			defaultConfigurationName = Release;
		};
		47D15255287BBCE9004EB04C /* Build configuration list for PBXNativeTarget "UI-609UITests" */ = {
			isa = XCConfigurationList;
			buildConfigurations = (
				47D15256287BBCE9004EB04C /* Debug */,
				47D15257287BBCE9004EB04C /* Release */,
			);
			defaultConfigurationIsVisible = 0;
			defaultConfigurationName = Release;
		};
/* End XCConfigurationList section */
	};
	rootObject = 47D15223287BBCE8004EB04C /* Project object */;
}
